// !$*UTF8*$!
{
	archiveVersion = 1;
	classes = {
	};
	objectVersion = 56;
	objects = {

/* Begin PBXBuildFile section */
		F60B229F2C89708300007740 /* GifView.swift in Sources */ = {isa = PBXBuildFile; fileRef = F60B229E2C89708300007740 /* GifView.swift */; };
		F60B22A12C89727E00007740 /* WebView.swift in Sources */ = {isa = PBXBuildFile; fileRef = F60B22A02C89727E00007740 /* WebView.swift */; };
		F60B22A72C898FE700007740 /* EventMonitor.swift in Sources */ = {isa = PBXBuildFile; fileRef = F60B22A62C898FE700007740 /* EventMonitor.swift */; };
		F6B0A9DE2CA4FF9200B3A282 /* ContentViewModel.swift in Sources */ = {isa = PBXBuildFile; fileRef = F6B0A9DD2CA4FF9200B3A282 /* ContentViewModel.swift */; };
		F6FA2B422C852286000BBB3F /* InaGifApp.swift in Sources */ = {isa = PBXBuildFile; fileRef = F6FA2B412C852286000BBB3F /* InaGifApp.swift */; };
		F6FA2B442C852286000BBB3F /* ContentView.swift in Sources */ = {isa = PBXBuildFile; fileRef = F6FA2B432C852286000BBB3F /* ContentView.swift */; };
		F6FA2B462C852289000BBB3F /* Assets.xcassets in Resources */ = {isa = PBXBuildFile; fileRef = F6FA2B452C852289000BBB3F /* Assets.xcassets */; };
		F6FA2B492C852289000BBB3F /* Preview Assets.xcassets in Resources */ = {isa = PBXBuildFile; fileRef = F6FA2B482C852289000BBB3F /* Preview Assets.xcassets */; };
		F6FA2B542C852289000BBB3F /* InaGifTests.swift in Sources */ = {isa = PBXBuildFile; fileRef = F6FA2B532C852289000BBB3F /* InaGifTests.swift */; };
		F6FA2B5E2C852289000BBB3F /* InaGifUITests.swift in Sources */ = {isa = PBXBuildFile; fileRef = F6FA2B5D2C852289000BBB3F /* InaGifUITests.swift */; };
		F6FA2B602C852289000BBB3F /* InaGifUITestsLaunchTests.swift in Sources */ = {isa = PBXBuildFile; fileRef = F6FA2B5F2C852289000BBB3F /* InaGifUITestsLaunchTests.swift */; };
		F6FA2B6E2C8522CC000BBB3F /* SDWebImageSwiftUI in Frameworks */ = {isa = PBXBuildFile; productRef = F6FA2B6D2C8522CC000BBB3F /* SDWebImageSwiftUI */; };
		F6FA2B702C852752000BBB3F /* PreferencesView.swift in Sources */ = {isa = PBXBuildFile; fileRef = F6FA2B6F2C852752000BBB3F /* PreferencesView.swift */; };
		F6FA2B732C8527D3000BBB3F /* LaunchAtLogin in Frameworks */ = {isa = PBXBuildFile; productRef = F6FA2B722C8527D3000BBB3F /* LaunchAtLogin */; };
		F6FA2B752C852A3E000BBB3F /* AppDelegate.swift in Sources */ = {isa = PBXBuildFile; fileRef = F6FA2B742C852A3E000BBB3F /* AppDelegate.swift */; };
/* End PBXBuildFile section */

/* Begin PBXContainerItemProxy section */
		F6FA2B502C852289000BBB3F /* PBXContainerItemProxy */ = {
			isa = PBXContainerItemProxy;
			containerPortal = F6FA2B362C852286000BBB3F /* Project object */;
			proxyType = 1;
			remoteGlobalIDString = F6FA2B3D2C852286000BBB3F;
			remoteInfo = InaGif;
		};
		F6FA2B5A2C852289000BBB3F /* PBXContainerItemProxy */ = {
			isa = PBXContainerItemProxy;
			containerPortal = F6FA2B362C852286000BBB3F /* Project object */;
			proxyType = 1;
			remoteGlobalIDString = F6FA2B3D2C852286000BBB3F;
			remoteInfo = InaGif;
		};
/* End PBXContainerItemProxy section */

/* Begin PBXFileReference section */
		F60B229E2C89708300007740 /* GifView.swift */ = {isa = PBXFileReference; lastKnownFileType = sourcecode.swift; path = GifView.swift; sourceTree = "<group>"; };
		F60B22A02C89727E00007740 /* WebView.swift */ = {isa = PBXFileReference; lastKnownFileType = sourcecode.swift; path = WebView.swift; sourceTree = "<group>"; };
		F60B22A62C898FE700007740 /* EventMonitor.swift */ = {isa = PBXFileReference; lastKnownFileType = sourcecode.swift; path = EventMonitor.swift; sourceTree = "<group>"; };
		F6283E752C9F95CD00D9E906 /* Info.plist */ = {isa = PBXFileReference; lastKnownFileType = text.plist; path = Info.plist; sourceTree = "<group>"; };
		F6B0A9DD2CA4FF9200B3A282 /* ContentViewModel.swift */ = {isa = PBXFileReference; lastKnownFileType = sourcecode.swift; path = ContentViewModel.swift; sourceTree = "<group>"; };
		F6FA2B3E2C852286000BBB3F /* InaGif.app */ = {isa = PBXFileReference; explicitFileType = wrapper.application; includeInIndex = 0; path = InaGif.app; sourceTree = BUILT_PRODUCTS_DIR; };
		F6FA2B412C852286000BBB3F /* InaGifApp.swift */ = {isa = PBXFileReference; lastKnownFileType = sourcecode.swift; path = InaGifApp.swift; sourceTree = "<group>"; };
		F6FA2B432C852286000BBB3F /* ContentView.swift */ = {isa = PBXFileReference; lastKnownFileType = sourcecode.swift; path = ContentView.swift; sourceTree = "<group>"; };
		F6FA2B452C852289000BBB3F /* Assets.xcassets */ = {isa = PBXFileReference; lastKnownFileType = folder.assetcatalog; path = Assets.xcassets; sourceTree = "<group>"; };
		F6FA2B482C852289000BBB3F /* Preview Assets.xcassets */ = {isa = PBXFileReference; lastKnownFileType = folder.assetcatalog; path = "Preview Assets.xcassets"; sourceTree = "<group>"; };
		F6FA2B4A2C852289000BBB3F /* InaGif.entitlements */ = {isa = PBXFileReference; lastKnownFileType = text.plist.entitlements; path = InaGif.entitlements; sourceTree = "<group>"; };
		F6FA2B4F2C852289000BBB3F /* InaGifTests.xctest */ = {isa = PBXFileReference; explicitFileType = wrapper.cfbundle; includeInIndex = 0; path = InaGifTests.xctest; sourceTree = BUILT_PRODUCTS_DIR; };
		F6FA2B532C852289000BBB3F /* InaGifTests.swift */ = {isa = PBXFileReference; lastKnownFileType = sourcecode.swift; path = InaGifTests.swift; sourceTree = "<group>"; };
		F6FA2B592C852289000BBB3F /* InaGifUITests.xctest */ = {isa = PBXFileReference; explicitFileType = wrapper.cfbundle; includeInIndex = 0; path = InaGifUITests.xctest; sourceTree = BUILT_PRODUCTS_DIR; };
		F6FA2B5D2C852289000BBB3F /* InaGifUITests.swift */ = {isa = PBXFileReference; lastKnownFileType = sourcecode.swift; path = InaGifUITests.swift; sourceTree = "<group>"; };
		F6FA2B5F2C852289000BBB3F /* InaGifUITestsLaunchTests.swift */ = {isa = PBXFileReference; lastKnownFileType = sourcecode.swift; path = InaGifUITestsLaunchTests.swift; sourceTree = "<group>"; };
		F6FA2B6F2C852752000BBB3F /* PreferencesView.swift */ = {isa = PBXFileReference; lastKnownFileType = sourcecode.swift; path = PreferencesView.swift; sourceTree = "<group>"; };
		F6FA2B742C852A3E000BBB3F /* AppDelegate.swift */ = {isa = PBXFileReference; lastKnownFileType = sourcecode.swift; path = AppDelegate.swift; sourceTree = "<group>"; };
/* End PBXFileReference section */

/* Begin PBXFrameworksBuildPhase section */
		F6FA2B3B2C852286000BBB3F /* Frameworks */ = {
			isa = PBXFrameworksBuildPhase;
			buildActionMask = 2147483647;
			files = (
				F6FA2B732C8527D3000BBB3F /* LaunchAtLogin in Frameworks */,
				F6FA2B6E2C8522CC000BBB3F /* SDWebImageSwiftUI in Frameworks */,
			);
			runOnlyForDeploymentPostprocessing = 0;
		};
		F6FA2B4C2C852289000BBB3F /* Frameworks */ = {
			isa = PBXFrameworksBuildPhase;
			buildActionMask = 2147483647;
			files = (
			);
			runOnlyForDeploymentPostprocessing = 0;
		};
		F6FA2B562C852289000BBB3F /* Frameworks */ = {
			isa = PBXFrameworksBuildPhase;
			buildActionMask = 2147483647;
			files = (
			);
			runOnlyForDeploymentPostprocessing = 0;
		};
/* End PBXFrameworksBuildPhase section */

/* Begin PBXGroup section */
		F6FA2B352C852286000BBB3F = {
			isa = PBXGroup;
			children = (
				F6FA2B402C852286000BBB3F /* InaGif */,
				F6FA2B522C852289000BBB3F /* InaGifTests */,
				F6FA2B5C2C852289000BBB3F /* InaGifUITests */,
				F6FA2B3F2C852286000BBB3F /* Products */,
			);
			sourceTree = "<group>";
		};
		F6FA2B3F2C852286000BBB3F /* Products */ = {
			isa = PBXGroup;
			children = (
				F6FA2B3E2C852286000BBB3F /* InaGif.app */,
				F6FA2B4F2C852289000BBB3F /* InaGifTests.xctest */,
				F6FA2B592C852289000BBB3F /* InaGifUITests.xctest */,
			);
			name = Products;
			sourceTree = "<group>";
		};
		F6FA2B402C852286000BBB3F /* InaGif */ = {
			isa = PBXGroup;
			children = (
				F6283E752C9F95CD00D9E906 /* Info.plist */,
				F6FA2B412C852286000BBB3F /* InaGifApp.swift */,
				F60B229E2C89708300007740 /* GifView.swift */,
				F6FA2B432C852286000BBB3F /* ContentView.swift */,
				F6B0A9DD2CA4FF9200B3A282 /* ContentViewModel.swift */,
				F6FA2B452C852289000BBB3F /* Assets.xcassets */,
				F6FA2B4A2C852289000BBB3F /* InaGif.entitlements */,
				F6FA2B6F2C852752000BBB3F /* PreferencesView.swift */,
				F60B22A62C898FE700007740 /* EventMonitor.swift */,
				F6FA2B742C852A3E000BBB3F /* AppDelegate.swift */,
				F60B22A02C89727E00007740 /* WebView.swift */,
				F6FA2B472C852289000BBB3F /* Preview Content */,
			);
			path = InaGif;
			sourceTree = "<group>";
		};
		F6FA2B472C852289000BBB3F /* Preview Content */ = {
			isa = PBXGroup;
			children = (
				F6FA2B482C852289000BBB3F /* Preview Assets.xcassets */,
			);
			path = "Preview Content";
			sourceTree = "<group>";
		};
		F6FA2B522C852289000BBB3F /* InaGifTests */ = {
			isa = PBXGroup;
			children = (
				F6FA2B532C852289000BBB3F /* InaGifTests.swift */,
			);
			path = InaGifTests;
			sourceTree = "<group>";
		};
		F6FA2B5C2C852289000BBB3F /* InaGifUITests */ = {
			isa = PBXGroup;
			children = (
				F6FA2B5D2C852289000BBB3F /* InaGifUITests.swift */,
				F6FA2B5F2C852289000BBB3F /* InaGifUITestsLaunchTests.swift */,
			);
			path = InaGifUITests;
			sourceTree = "<group>";
		};
/* End PBXGroup section */

/* Begin PBXNativeTarget section */
		F6FA2B3D2C852286000BBB3F /* InaGif */ = {
			isa = PBXNativeTarget;
			buildConfigurationList = F6FA2B632C852289000BBB3F /* Build configuration list for PBXNativeTarget "InaGif" */;
			buildPhases = (
				F6FA2B3A2C852286000BBB3F /* Sources */,
				F6FA2B3B2C852286000BBB3F /* Frameworks */,
				F6FA2B3C2C852286000BBB3F /* Resources */,
			);
			buildRules = (
			);
			dependencies = (
			);
			name = InaGif;
			packageProductDependencies = (
				F6FA2B6D2C8522CC000BBB3F /* SDWebImageSwiftUI */,
				F6FA2B722C8527D3000BBB3F /* LaunchAtLogin */,
			);
			productName = InaGif;
			productReference = F6FA2B3E2C852286000BBB3F /* InaGif.app */;
			productType = "com.apple.product-type.application";
		};
		F6FA2B4E2C852289000BBB3F /* InaGifTests */ = {
			isa = PBXNativeTarget;
			buildConfigurationList = F6FA2B662C852289000BBB3F /* Build configuration list for PBXNativeTarget "InaGifTests" */;
			buildPhases = (
				F6FA2B4B2C852289000BBB3F /* Sources */,
				F6FA2B4C2C852289000BBB3F /* Frameworks */,
				F6FA2B4D2C852289000BBB3F /* Resources */,
			);
			buildRules = (
			);
			dependencies = (
				F6FA2B512C852289000BBB3F /* PBXTargetDependency */,
			);
			name = InaGifTests;
			productName = InaGifTests;
			productReference = F6FA2B4F2C852289000BBB3F /* InaGifTests.xctest */;
			productType = "com.apple.product-type.bundle.unit-test";
		};
		F6FA2B582C852289000BBB3F /* InaGifUITests */ = {
			isa = PBXNativeTarget;
			buildConfigurationList = F6FA2B692C852289000BBB3F /* Build configuration list for PBXNativeTarget "InaGifUITests" */;
			buildPhases = (
				F6FA2B552C852289000BBB3F /* Sources */,
				F6FA2B562C852289000BBB3F /* Frameworks */,
				F6FA2B572C852289000BBB3F /* Resources */,
			);
			buildRules = (
			);
			dependencies = (
				F6FA2B5B2C852289000BBB3F /* PBXTargetDependency */,
			);
			name = InaGifUITests;
			productName = InaGifUITests;
			productReference = F6FA2B592C852289000BBB3F /* InaGifUITests.xctest */;
			productType = "com.apple.product-type.bundle.ui-testing";
		};
/* End PBXNativeTarget section */

/* Begin PBXProject section */
		F6FA2B362C852286000BBB3F /* Project object */ = {
			isa = PBXProject;
			attributes = {
				BuildIndependentTargetsInParallel = 1;
				LastSwiftUpdateCheck = 1540;
				LastUpgradeCheck = 1600;
				TargetAttributes = {
					F6FA2B3D2C852286000BBB3F = {
						CreatedOnToolsVersion = 15.4;
					};
					F6FA2B4E2C852289000BBB3F = {
						CreatedOnToolsVersion = 15.4;
						TestTargetID = F6FA2B3D2C852286000BBB3F;
					};
					F6FA2B582C852289000BBB3F = {
						CreatedOnToolsVersion = 15.4;
						TestTargetID = F6FA2B3D2C852286000BBB3F;
					};
				};
			};
			buildConfigurationList = F6FA2B392C852286000BBB3F /* Build configuration list for PBXProject "InaGif" */;
			compatibilityVersion = "Xcode 14.0";
			developmentRegion = en;
			hasScannedForEncodings = 0;
			knownRegions = (
				en,
				Base,
			);
			mainGroup = F6FA2B352C852286000BBB3F;
			packageReferences = (
				F6FA2B6C2C8522CC000BBB3F /* XCRemoteSwiftPackageReference "SDWebImageSwiftUI" */,
				F6FA2B712C8527D3000BBB3F /* XCRemoteSwiftPackageReference "LaunchAtLogin" */,
			);
			productRefGroup = F6FA2B3F2C852286000BBB3F /* Products */;
			projectDirPath = "";
			projectRoot = "";
			targets = (
				F6FA2B3D2C852286000BBB3F /* InaGif */,
				F6FA2B4E2C852289000BBB3F /* InaGifTests */,
				F6FA2B582C852289000BBB3F /* InaGifUITests */,
			);
		};
/* End PBXProject section */

/* Begin PBXResourcesBuildPhase section */
		F6FA2B3C2C852286000BBB3F /* Resources */ = {
			isa = PBXResourcesBuildPhase;
			buildActionMask = 2147483647;
			files = (
				F6FA2B492C852289000BBB3F /* Preview Assets.xcassets in Resources */,
				F6FA2B462C852289000BBB3F /* Assets.xcassets in Resources */,
			);
			runOnlyForDeploymentPostprocessing = 0;
		};
		F6FA2B4D2C852289000BBB3F /* Resources */ = {
			isa = PBXResourcesBuildPhase;
			buildActionMask = 2147483647;
			files = (
			);
			runOnlyForDeploymentPostprocessing = 0;
		};
		F6FA2B572C852289000BBB3F /* Resources */ = {
			isa = PBXResourcesBuildPhase;
			buildActionMask = 2147483647;
			files = (
			);
			runOnlyForDeploymentPostprocessing = 0;
		};
/* End PBXResourcesBuildPhase section */

/* Begin PBXSourcesBuildPhase section */
		F6FA2B3A2C852286000BBB3F /* Sources */ = {
			isa = PBXSourcesBuildPhase;
			buildActionMask = 2147483647;
			files = (
				F6B0A9DE2CA4FF9200B3A282 /* ContentViewModel.swift in Sources */,
				F60B229F2C89708300007740 /* GifView.swift in Sources */,
				F6FA2B752C852A3E000BBB3F /* AppDelegate.swift in Sources */,
				F6FA2B442C852286000BBB3F /* ContentView.swift in Sources */,
				F60B22A12C89727E00007740 /* WebView.swift in Sources */,
				F60B22A72C898FE700007740 /* EventMonitor.swift in Sources */,
				F6FA2B702C852752000BBB3F /* PreferencesView.swift in Sources */,
				F6FA2B422C852286000BBB3F /* InaGifApp.swift in Sources */,
			);
			runOnlyForDeploymentPostprocessing = 0;
		};
		F6FA2B4B2C852289000BBB3F /* Sources */ = {
			isa = PBXSourcesBuildPhase;
			buildActionMask = 2147483647;
			files = (
				F6FA2B542C852289000BBB3F /* InaGifTests.swift in Sources */,
			);
			runOnlyForDeploymentPostprocessing = 0;
		};
		F6FA2B552C852289000BBB3F /* Sources */ = {
			isa = PBXSourcesBuildPhase;
			buildActionMask = 2147483647;
			files = (
				F6FA2B602C852289000BBB3F /* InaGifUITestsLaunchTests.swift in Sources */,
				F6FA2B5E2C852289000BBB3F /* InaGifUITests.swift in Sources */,
			);
			runOnlyForDeploymentPostprocessing = 0;
		};
/* End PBXSourcesBuildPhase section */

/* Begin PBXTargetDependency section */
		F6FA2B512C852289000BBB3F /* PBXTargetDependency */ = {
			isa = PBXTargetDependency;
			target = F6FA2B3D2C852286000BBB3F /* InaGif */;
			targetProxy = F6FA2B502C852289000BBB3F /* PBXContainerItemProxy */;
		};
		F6FA2B5B2C852289000BBB3F /* PBXTargetDependency */ = {
			isa = PBXTargetDependency;
			target = F6FA2B3D2C852286000BBB3F /* InaGif */;
			targetProxy = F6FA2B5A2C852289000BBB3F /* PBXContainerItemProxy */;
		};
/* End PBXTargetDependency section */

/* Begin XCBuildConfiguration section */
		F6FA2B612C852289000BBB3F /* Debug */ = {
			isa = XCBuildConfiguration;
			buildSettings = {
				ALWAYS_SEARCH_USER_PATHS = NO;
				ASSETCATALOG_COMPILER_GENERATE_SWIFT_ASSET_SYMBOL_EXTENSIONS = YES;
				CLANG_ANALYZER_NONNULL = YES;
				CLANG_ANALYZER_NUMBER_OBJECT_CONVERSION = YES_AGGRESSIVE;
				CLANG_CXX_LANGUAGE_STANDARD = "gnu++20";
				CLANG_ENABLE_MODULES = YES;
				CLANG_ENABLE_OBJC_ARC = YES;
				CLANG_ENABLE_OBJC_WEAK = YES;
				CLANG_WARN_BLOCK_CAPTURE_AUTORELEASING = YES;
				CLANG_WARN_BOOL_CONVERSION = YES;
				CLANG_WARN_COMMA = YES;
				CLANG_WARN_CONSTANT_CONVERSION = YES;
				CLANG_WARN_DEPRECATED_OBJC_IMPLEMENTATIONS = YES;
				CLANG_WARN_DIRECT_OBJC_ISA_USAGE = YES_ERROR;
				CLANG_WARN_DOCUMENTATION_COMMENTS = YES;
				CLANG_WARN_EMPTY_BODY = YES;
				CLANG_WARN_ENUM_CONVERSION = YES;
				CLANG_WARN_INFINITE_RECURSION = YES;
				CLANG_WARN_INT_CONVERSION = YES;
				CLANG_WARN_NON_LITERAL_NULL_CONVERSION = YES;
				CLANG_WARN_OBJC_IMPLICIT_RETAIN_SELF = YES;
				CLANG_WARN_OBJC_LITERAL_CONVERSION = YES;
				CLANG_WARN_OBJC_ROOT_CLASS = YES_ERROR;
				CLANG_WARN_QUOTED_INCLUDE_IN_FRAMEWORK_HEADER = YES;
				CLANG_WARN_RANGE_LOOP_ANALYSIS = YES;
				CLANG_WARN_STRICT_PROTOTYPES = YES;
				CLANG_WARN_SUSPICIOUS_MOVE = YES;
				CLANG_WARN_UNGUARDED_AVAILABILITY = YES_AGGRESSIVE;
				CLANG_WARN_UNREACHABLE_CODE = YES;
				CLANG_WARN__DUPLICATE_METHOD_MATCH = YES;
				COPY_PHASE_STRIP = NO;
				DEAD_CODE_STRIPPING = YES;
				DEBUG_INFORMATION_FORMAT = dwarf;
				ENABLE_STRICT_OBJC_MSGSEND = YES;
				ENABLE_TESTABILITY = YES;
				ENABLE_USER_SCRIPT_SANDBOXING = YES;
				GCC_C_LANGUAGE_STANDARD = gnu17;
				GCC_DYNAMIC_NO_PIC = NO;
				GCC_NO_COMMON_BLOCKS = YES;
				GCC_OPTIMIZATION_LEVEL = 0;
				GCC_PREPROCESSOR_DEFINITIONS = (
					"DEBUG=1",
					"$(inherited)",
				);
				GCC_WARN_64_TO_32_BIT_CONVERSION = YES;
				GCC_WARN_ABOUT_RETURN_TYPE = YES_ERROR;
				GCC_WARN_UNDECLARED_SELECTOR = YES;
				GCC_WARN_UNINITIALIZED_AUTOS = YES_AGGRESSIVE;
				GCC_WARN_UNUSED_FUNCTION = YES;
				GCC_WARN_UNUSED_VARIABLE = YES;
				LOCALIZATION_PREFERS_STRING_CATALOGS = YES;
				MACOSX_DEPLOYMENT_TARGET = 14.5;
				MTL_ENABLE_DEBUG_INFO = INCLUDE_SOURCE;
				MTL_FAST_MATH = YES;
				ONLY_ACTIVE_ARCH = YES;
				SDKROOT = macosx;
				SWIFT_ACTIVE_COMPILATION_CONDITIONS = "DEBUG $(inherited)";
				SWIFT_OPTIMIZATION_LEVEL = "-Onone";
			};
			name = Debug;
		};
		F6FA2B622C852289000BBB3F /* Release */ = {
			isa = XCBuildConfiguration;
			buildSettings = {
				ALWAYS_SEARCH_USER_PATHS = NO;
				ASSETCATALOG_COMPILER_GENERATE_SWIFT_ASSET_SYMBOL_EXTENSIONS = YES;
				CLANG_ANALYZER_NONNULL = YES;
				CLANG_ANALYZER_NUMBER_OBJECT_CONVERSION = YES_AGGRESSIVE;
				CLANG_CXX_LANGUAGE_STANDARD = "gnu++20";
				CLANG_ENABLE_MODULES = YES;
				CLANG_ENABLE_OBJC_ARC = YES;
				CLANG_ENABLE_OBJC_WEAK = YES;
				CLANG_WARN_BLOCK_CAPTURE_AUTORELEASING = YES;
				CLANG_WARN_BOOL_CONVERSION = YES;
				CLANG_WARN_COMMA = YES;
				CLANG_WARN_CONSTANT_CONVERSION = YES;
				CLANG_WARN_DEPRECATED_OBJC_IMPLEMENTATIONS = YES;
				CLANG_WARN_DIRECT_OBJC_ISA_USAGE = YES_ERROR;
				CLANG_WARN_DOCUMENTATION_COMMENTS = YES;
				CLANG_WARN_EMPTY_BODY = YES;
				CLANG_WARN_ENUM_CONVERSION = YES;
				CLANG_WARN_INFINITE_RECURSION = YES;
				CLANG_WARN_INT_CONVERSION = YES;
				CLANG_WARN_NON_LITERAL_NULL_CONVERSION = YES;
				CLANG_WARN_OBJC_IMPLICIT_RETAIN_SELF = YES;
				CLANG_WARN_OBJC_LITERAL_CONVERSION = YES;
				CLANG_WARN_OBJC_ROOT_CLASS = YES_ERROR;
				CLANG_WARN_QUOTED_INCLUDE_IN_FRAMEWORK_HEADER = YES;
				CLANG_WARN_RANGE_LOOP_ANALYSIS = YES;
				CLANG_WARN_STRICT_PROTOTYPES = YES;
				CLANG_WARN_SUSPICIOUS_MOVE = YES;
				CLANG_WARN_UNGUARDED_AVAILABILITY = YES_AGGRESSIVE;
				CLANG_WARN_UNREACHABLE_CODE = YES;
				CLANG_WARN__DUPLICATE_METHOD_MATCH = YES;
				COPY_PHASE_STRIP = NO;
				DEAD_CODE_STRIPPING = YES;
				DEBUG_INFORMATION_FORMAT = "dwarf-with-dsym";
				ENABLE_NS_ASSERTIONS = NO;
				ENABLE_STRICT_OBJC_MSGSEND = YES;
				ENABLE_USER_SCRIPT_SANDBOXING = YES;
				GCC_C_LANGUAGE_STANDARD = gnu17;
				GCC_NO_COMMON_BLOCKS = YES;
				GCC_WARN_64_TO_32_BIT_CONVERSION = YES;
				GCC_WARN_ABOUT_RETURN_TYPE = YES_ERROR;
				GCC_WARN_UNDECLARED_SELECTOR = YES;
				GCC_WARN_UNINITIALIZED_AUTOS = YES_AGGRESSIVE;
				GCC_WARN_UNUSED_FUNCTION = YES;
				GCC_WARN_UNUSED_VARIABLE = YES;
				LOCALIZATION_PREFERS_STRING_CATALOGS = YES;
				MACOSX_DEPLOYMENT_TARGET = 14.5;
				MTL_ENABLE_DEBUG_INFO = NO;
				MTL_FAST_MATH = YES;
				SDKROOT = macosx;
				SWIFT_COMPILATION_MODE = wholemodule;
			};
			name = Release;
		};
		F6FA2B642C852289000BBB3F /* Debug */ = {
			isa = XCBuildConfiguration;
			buildSettings = {
				ASSETCATALOG_COMPILER_APPICON_NAME = AppIcon;
				ASSETCATALOG_COMPILER_GLOBAL_ACCENT_COLOR_NAME = AccentColor;
				ASSETCATALOG_COMPILER_INCLUDE_ALL_APPICON_ASSETS = YES;
				CODE_SIGN_ENTITLEMENTS = InaGif/InaGif.entitlements;
				"CODE_SIGN_IDENTITY[sdk=macosx*]" = "-";
				CODE_SIGN_STYLE = Automatic;
				COMBINE_HIDPI_IMAGES = YES;
				CURRENT_PROJECT_VERSION = 1;
				DEAD_CODE_STRIPPING = YES;
				DEVELOPMENT_ASSET_PATHS = "\"InaGif/Preview Content\"";
				ENABLE_PREVIEWS = YES;
				GENERATE_INFOPLIST_FILE = YES;
				INFOPLIST_FILE = InaGif/Info.plist;
				INFOPLIST_KEY_CFBundleDisplayName = InaGif;
				INFOPLIST_KEY_LSApplicationCategoryType = "public.app-category.entertainment";
				INFOPLIST_KEY_LSUIElement = YES;
				INFOPLIST_KEY_NSHumanReadableCopyright = "";
				INFOPLIST_KEY_UILaunchStoryboardName = AppIcon;
				LD_RUNPATH_SEARCH_PATHS = (
					"$(inherited)",
					"@executable_path/../Frameworks",
				);
				MACOSX_DEPLOYMENT_TARGET = 14.6;
				MARKETING_VERSION = 2.0;
				PRODUCT_BUNDLE_IDENTIFIER = TheRamon.InaGif;
				PRODUCT_NAME = "$(TARGET_NAME)";
				SWIFT_EMIT_LOC_STRINGS = YES;
				SWIFT_VERSION = 5.0;
			};
			name = Debug;
		};
		F6FA2B652C852289000BBB3F /* Release */ = {
			isa = XCBuildConfiguration;
			buildSettings = {
				ASSETCATALOG_COMPILER_APPICON_NAME = AppIcon;
				ASSETCATALOG_COMPILER_GLOBAL_ACCENT_COLOR_NAME = AccentColor;
				ASSETCATALOG_COMPILER_INCLUDE_ALL_APPICON_ASSETS = YES;
				CODE_SIGN_ENTITLEMENTS = InaGif/InaGif.entitlements;
				"CODE_SIGN_IDENTITY[sdk=macosx*]" = "-";
				CODE_SIGN_STYLE = Automatic;
				COMBINE_HIDPI_IMAGES = YES;
				CURRENT_PROJECT_VERSION = 1;
				DEAD_CODE_STRIPPING = YES;
				DEVELOPMENT_ASSET_PATHS = "\"InaGif/Preview Content\"";
				ENABLE_PREVIEWS = YES;
				GENERATE_INFOPLIST_FILE = YES;
				INFOPLIST_FILE = InaGif/Info.plist;
				INFOPLIST_KEY_CFBundleDisplayName = InaGif;
				INFOPLIST_KEY_LSApplicationCategoryType = "public.app-category.entertainment";
				INFOPLIST_KEY_LSUIElement = YES;
				INFOPLIST_KEY_NSHumanReadableCopyright = "";
				INFOPLIST_KEY_UILaunchStoryboardName = AppIcon;
				LD_RUNPATH_SEARCH_PATHS = (
					"$(inherited)",
					"@executable_path/../Frameworks",
				);
				MACOSX_DEPLOYMENT_TARGET = 14.6;
				MARKETING_VERSION = 2.0;
				PRODUCT_BUNDLE_IDENTIFIER = TheRamon.InaGif;
				PRODUCT_NAME = "$(TARGET_NAME)";
				SWIFT_EMIT_LOC_STRINGS = YES;
				SWIFT_VERSION = 5.0;
			};
			name = Release;
		};
		F6FA2B672C852289000BBB3F /* Debug */ = {
			isa = XCBuildConfiguration;
			buildSettings = {
				BUNDLE_LOADER = "$(TEST_HOST)";
				CODE_SIGN_STYLE = Automatic;
				CURRENT_PROJECT_VERSION = 1;
				DEAD_CODE_STRIPPING = YES;
				GENERATE_INFOPLIST_FILE = YES;
				MACOSX_DEPLOYMENT_TARGET = 14.5;
				MARKETING_VERSION = 1.0;
				PRODUCT_BUNDLE_IDENTIFIER = TheRamon.InaGifTests;
				PRODUCT_NAME = "$(TARGET_NAME)";
				SWIFT_EMIT_LOC_STRINGS = NO;
				SWIFT_VERSION = 5.0;
				TEST_HOST = "$(BUILT_PRODUCTS_DIR)/InaGif.app/$(BUNDLE_EXECUTABLE_FOLDER_PATH)/InaGif";
			};
			name = Debug;
		};
		F6FA2B682C852289000BBB3F /* Release */ = {
			isa = XCBuildConfiguration;
			buildSettings = {
				BUNDLE_LOADER = "$(TEST_HOST)";
				CODE_SIGN_STYLE = Automatic;
				CURRENT_PROJECT_VERSION = 1;
				DEAD_CODE_STRIPPING = YES;
				GENERATE_INFOPLIST_FILE = YES;
				MACOSX_DEPLOYMENT_TARGET = 14.5;
				MARKETING_VERSION = 1.0;
				PRODUCT_BUNDLE_IDENTIFIER = TheRamon.InaGifTests;
				PRODUCT_NAME = "$(TARGET_NAME)";
				SWIFT_EMIT_LOC_STRINGS = NO;
				SWIFT_VERSION = 5.0;
				TEST_HOST = "$(BUILT_PRODUCTS_DIR)/InaGif.app/$(BUNDLE_EXECUTABLE_FOLDER_PATH)/InaGif";
			};
			name = Release;
		};
		F6FA2B6A2C852289000BBB3F /* Debug */ = {
			isa = XCBuildConfiguration;
			buildSettings = {
				CODE_SIGN_STYLE = Automatic;
				CURRENT_PROJECT_VERSION = 1;
				DEAD_CODE_STRIPPING = YES;
				GENERATE_INFOPLIST_FILE = YES;
				MARKETING_VERSION = 1.0;
				PRODUCT_BUNDLE_IDENTIFIER = TheRamon.InaGifUITests;
				PRODUCT_NAME = "$(TARGET_NAME)";
				SWIFT_EMIT_LOC_STRINGS = NO;
				SWIFT_VERSION = 5.0;
				TEST_TARGET_NAME = InaGif;
			};
			name = Debug;
		};
		F6FA2B6B2C852289000BBB3F /* Release */ = {
			isa = XCBuildConfiguration;
			buildSettings = {
				CODE_SIGN_STYLE = Automatic;
				CURRENT_PROJECT_VERSION = 1;
				DEAD_CODE_STRIPPING = YES;
				GENERATE_INFOPLIST_FILE = YES;
				MARKETING_VERSION = 1.0;
				PRODUCT_BUNDLE_IDENTIFIER = TheRamon.InaGifUITests;
				PRODUCT_NAME = "$(TARGET_NAME)";
				SWIFT_EMIT_LOC_STRINGS = NO;
				SWIFT_VERSION = 5.0;
				TEST_TARGET_NAME = InaGif;
			};
			name = Release;
		};
/* End XCBuildConfiguration section */

/* Begin XCConfigurationList section */
		F6FA2B392C852286000BBB3F /* Build configuration list for PBXProject "InaGif" */ = {
			isa = XCConfigurationList;
			buildConfigurations = (
				F6FA2B612C852289000BBB3F /* Debug */,
				F6FA2B622C852289000BBB3F /* Release */,
			);
			defaultConfigurationIsVisible = 0;
			defaultConfigurationName = Release;
		};
		F6FA2B632C852289000BBB3F /* Build configuration list for PBXNativeTarget "InaGif" */ = {
			isa = XCConfigurationList;
			buildConfigurations = (
				F6FA2B642C852289000BBB3F /* Debug */,
				F6FA2B652C852289000BBB3F /* Release */,
			);
			defaultConfigurationIsVisible = 0;
			defaultConfigurationName = Release;
		};
		F6FA2B662C852289000BBB3F /* Build configuration list for PBXNativeTarget "InaGifTests" */ = {
			isa = XCConfigurationList;
			buildConfigurations = (
				F6FA2B672C852289000BBB3F /* Debug */,
				F6FA2B682C852289000BBB3F /* Release */,
			);
			defaultConfigurationIsVisible = 0;
			defaultConfigurationName = Release;
		};
		F6FA2B692C852289000BBB3F /* Build configuration list for PBXNativeTarget "InaGifUITests" */ = {
			isa = XCConfigurationList;
			buildConfigurations = (
				F6FA2B6A2C852289000BBB3F /* Debug */,
				F6FA2B6B2C852289000BBB3F /* Release */,
			);
			defaultConfigurationIsVisible = 0;
			defaultConfigurationName = Release;
		};
/* End XCConfigurationList section */

/* Begin XCRemoteSwiftPackageReference section */
		F6FA2B6C2C8522CC000BBB3F /* XCRemoteSwiftPackageReference "SDWebImageSwiftUI" */ = {
			isa = XCRemoteSwiftPackageReference;
			repositoryURL = "https://github.com/SDWebImage/SDWebImageSwiftUI.git";
			requirement = {
				kind = upToNextMajorVersion;
				minimumVersion = 3.1.2;
			};
		};
		F6FA2B712C8527D3000BBB3F /* XCRemoteSwiftPackageReference "LaunchAtLogin" */ = {
			isa = XCRemoteSwiftPackageReference;
			repositoryURL = "https://github.com/sindresorhus/LaunchAtLogin.git";
			requirement = {
				branch = main;
				kind = branch;
			};
		};
/* End XCRemoteSwiftPackageReference section */

/* Begin XCSwiftPackageProductDependency section */
		F6FA2B6D2C8522CC000BBB3F /* SDWebImageSwiftUI */ = {
			isa = XCSwiftPackageProductDependency;
			package = F6FA2B6C2C8522CC000BBB3F /* XCRemoteSwiftPackageReference "SDWebImageSwiftUI" */;
			productName = SDWebImageSwiftUI;
		};
		F6FA2B722C8527D3000BBB3F /* LaunchAtLogin */ = {
			isa = XCSwiftPackageProductDependency;
			package = F6FA2B712C8527D3000BBB3F /* XCRemoteSwiftPackageReference "LaunchAtLogin" */;
			productName = LaunchAtLogin;
		};
/* End XCSwiftPackageProductDependency section */
	};
	rootObject = F6FA2B362C852286000BBB3F /* Project object */;
}
